
Microsoft Visual Studio Solution File, Format Version 12.00
# Visual Studio Version 16
VisualStudioVersion = 16.0.29920.165
MinimumVisualStudioVersion = 10.0.40219.1
Project("{FAE04EC0-301F-11D3-BF4B-00C04F79EFBC}") = "TerminalServer", "TerminalServer\TerminalServer.csproj", "{79428867-65F3-4337-A559-DA32228A5A82}"
EndProject
Global
	GlobalSection(SolutionConfigurationPlatforms) = preSolution
		Debug|Any CPU = Debug|Any CPU
		Release|Any CPU = Release|Any CPU
	EndGlobalSection
	GlobalSection(ProjectConfigurationPlatforms) = postSolution
		{79428867-65F3-4337-A559-DA32228A5A82}.Debug|Any CPU.ActiveCfg = Debug|Any CPU
		{79428867-65F3-4337-A559-DA32228A5A82}.Debug|Any CPU.Build.0 = Debug|Any CPU
		{79428867-65F3-4337-A559-DA32228A5A82}.Release|Any CPU.ActiveCfg = Release|Any CPU
		{79428867-65F3-4337-A559-DA32228A5A82}.Release|Any CPU.Build.0 = Release|Any CPU
	EndGlobalSection
	GlobalSection(SolutionProperties) = preSolution
		HideSolutionNode = FALSE
	EndGlobalSection
	GlobalSection(ExtensibilityGlobals) = postSolution
		SolutionGuid = {E772491F-A97F-4F2B-A1C7-8A356E54D8D7}
	EndGlobalSection
EndGlobal
