
Microsoft Visual Studio Solution File, Format Version 12.00
# Visual Studio Version 16
VisualStudioVersion = 16.0.29905.134
MinimumVisualStudioVersion = 10.0.40219.1
Project("{FAE04EC0-301F-11D3-BF4B-00C04F79EFBC}") = "WPF_Kassörskan_V2", "WPF_Kassörskan_V2\WPF_Kassörskan_V2.csproj", "{D65C9910-D586-4337-9CB0-7501D37C25A9}"
EndProject
Project("{9A19103F-16F7-4668-BE54-9A1E7A4F7556}") = "BackendHandler", "..\..\..\Desktop\BackendHandler\BackendHandler.csproj", "{5F74BF80-CBE7-4FEF-B289-A1FE110F9A6A}"
EndProject
Global
	GlobalSection(SolutionConfigurationPlatforms) = preSolution
		Debug|Any CPU = Debug|Any CPU
		Release|Any CPU = Release|Any CPU
	EndGlobalSection
	GlobalSection(ProjectConfigurationPlatforms) = postSolution
		{D65C9910-D586-4337-9CB0-7501D37C25A9}.Debug|Any CPU.ActiveCfg = Debug|Any CPU
		{D65C9910-D586-4337-9CB0-7501D37C25A9}.Debug|Any CPU.Build.0 = Debug|Any CPU
		{D65C9910-D586-4337-9CB0-7501D37C25A9}.Release|Any CPU.ActiveCfg = Release|Any CPU
		{D65C9910-D586-4337-9CB0-7501D37C25A9}.Release|Any CPU.Build.0 = Release|Any CPU
		{5F74BF80-CBE7-4FEF-B289-A1FE110F9A6A}.Debug|Any CPU.ActiveCfg = Debug|Any CPU
		{5F74BF80-CBE7-4FEF-B289-A1FE110F9A6A}.Debug|Any CPU.Build.0 = Debug|Any CPU
		{5F74BF80-CBE7-4FEF-B289-A1FE110F9A6A}.Release|Any CPU.ActiveCfg = Release|Any CPU
		{5F74BF80-CBE7-4FEF-B289-A1FE110F9A6A}.Release|Any CPU.Build.0 = Release|Any CPU
	EndGlobalSection
	GlobalSection(SolutionProperties) = preSolution
		HideSolutionNode = FALSE
	EndGlobalSection
	GlobalSection(ExtensibilityGlobals) = postSolution
		SolutionGuid = {FF9CAC15-C3FC-4851-9862-BD322FA5CE80}
	EndGlobalSection
EndGlobal
